
Microsoft Visual Studio Solution File, Format Version 12.00
# Visual Studio Version 16
VisualStudioVersion = 16.0.31229.75
MinimumVisualStudioVersion = 10.0.40219.1
Project("{9A19103F-16F7-4668-BE54-9A1E7A4F7556}") = "0_Framework", "0_Framework\0_Framework.csproj", "{94584A3A-86D9-42A8-9E2F-50B6B9056764}"
EndProject
Project("{2150E333-8FDC-42A3-9474-1A3956D46DE8}") = "ShopManagement", "ShopManagement", "{9F62AEAF-48FF-4289-8B7A-06DB0F96EF1C}"
EndProject
Project("{2150E333-8FDC-42A3-9474-1A3956D46DE8}") = "SM.Domain", "SM.Domain", "{A8B5F37F-906C-427A-A3DD-C75F31E4557E}"
EndProject
Project("{9A19103F-16F7-4668-BE54-9A1E7A4F7556}") = "ShopManagement.Domain", "ShopManagement.Domain\ShopManagement.Domain.csproj", "{79D67D6C-6785-4BE7-817F-537BE06BBBEB}"
EndProject
Project("{2150E333-8FDC-42A3-9474-1A3956D46DE8}") = "SM.Application", "SM.Application", "{583B4F43-65B5-45DF-9E42-67FBEBAB98D9}"
EndProject
Project("{9A19103F-16F7-4668-BE54-9A1E7A4F7556}") = "ShopManagement.Application.Contracts", "ShopManagement.Application.Contracts\ShopManagement.Application.Contracts.csproj", "{669BA501-21B7-40FE-BD50-E4E46E0F309D}"
EndProject
Project("{9A19103F-16F7-4668-BE54-9A1E7A4F7556}") = "ShopManagement.Application", "ShopManagement.Application\ShopManagement.Application.csproj", "{039513C4-8CA9-4E3B-9EBA-E6241E1DA187}"
EndProject
Project("{2150E333-8FDC-42A3-9474-1A3956D46DE8}") = "SM.Infrastructure", "SM.Infrastructure", "{54B14FC8-ECE9-4342-A3C7-042C0EFDCAEC}"
EndProject
Project("{9A19103F-16F7-4668-BE54-9A1E7A4F7556}") = "ShopManagement.Infrastructure.EFCore", "ShopManagement.Infrastructure.EFCore\ShopManagement.Infrastructure.EFCore.csproj", "{A6A566F0-2A0C-48D6-B0C5-83255367C0F5}"
EndProject
Project("{9A19103F-16F7-4668-BE54-9A1E7A4F7556}") = "ShopManagement.Configuration", "ShopManagement.Configuration\ShopManagement.Configuration.csproj", "{868644B9-5068-4652-835F-A37270B111B9}"
EndProject
Project("{9A19103F-16F7-4668-BE54-9A1E7A4F7556}") = "ServiceHost", "ServiceHost\ServiceHost.csproj", "{37D3D091-8362-40E5-A515-E4BA4FC50D0A}"
EndProject
Project("{9A19103F-16F7-4668-BE54-9A1E7A4F7556}") = "01_LampshadeQuery", "01_LampshadeQuery\01_LampshadeQuery.csproj", "{EBFE11A5-1185-45E7-B92F-6F2C563EB2C3}"
EndProject
Project("{2150E333-8FDC-42A3-9474-1A3956D46DE8}") = "DiscountManagement", "DiscountManagement", "{191FE4C5-B707-468F-8E13-E2632E309829}"
EndProject
Project("{2150E333-8FDC-42A3-9474-1A3956D46DE8}") = "DM.Domain", "DM.Domain", "{037255DF-AF2B-4AB0-B1C7-B3899DA14044}"
EndProject
Project("{9A19103F-16F7-4668-BE54-9A1E7A4F7556}") = "DiscountManagement.Domain", "DiscountManagement.Domain\DiscountManagement.Domain.csproj", "{BBDF0498-47CF-4B98-B6CD-34D884BC687C}"
EndProject
Project("{2150E333-8FDC-42A3-9474-1A3956D46DE8}") = "DM.Application", "DM.Application", "{C5EAC8B0-D546-4DEE-BC58-FED4C83CDD92}"
EndProject
Project("{9A19103F-16F7-4668-BE54-9A1E7A4F7556}") = "DiscountManagement.Application.Contracts", "DiscountManagement.Application.Contracts\DiscountManagement.Application.Contracts.csproj", "{1A993183-D2BB-49DA-BEC0-94E44BDF4E0E}"
EndProject
Project("{9A19103F-16F7-4668-BE54-9A1E7A4F7556}") = "DiscountManagement.Application", "DiscountManagement.Application\DiscountManagement.Application.csproj", "{9DAB07FE-DC7B-4311-B95B-7AF581D92B1D}"
EndProject
Project("{2150E333-8FDC-42A3-9474-1A3956D46DE8}") = "DM.Infrastructure", "DM.Infrastructure", "{EAE7CAA7-FEE3-44CD-B6A2-B09A2A6AB340}"
EndProject
Project("{9A19103F-16F7-4668-BE54-9A1E7A4F7556}") = "DiscountManagement.Infrastructure.EFCore", "DiscountManagement.Infrastructure.EFCore\DiscountManagement.Infrastructure.EFCore.csproj", "{71A9E9D0-337D-49E4-BFCE-CE71A68FED7A}"
EndProject
Project("{9A19103F-16F7-4668-BE54-9A1E7A4F7556}") = "DiscountManagement.Infrastructure.Configuration", "DiscountManagement.Infrastructure.Configuration\DiscountManagement.Infrastructure.Configuration.csproj", "{5BFD3598-DCF2-4659-B2FF-3B12962AF8F7}"
EndProject
Global
	GlobalSection(SolutionConfigurationPlatforms) = preSolution
		Debug|Any CPU = Debug|Any CPU
		Release|Any CPU = Release|Any CPU
	EndGlobalSection
	GlobalSection(ProjectConfigurationPlatforms) = postSolution
		{94584A3A-86D9-42A8-9E2F-50B6B9056764}.Debug|Any CPU.ActiveCfg = Debug|Any CPU
		{94584A3A-86D9-42A8-9E2F-50B6B9056764}.Debug|Any CPU.Build.0 = Debug|Any CPU
		{94584A3A-86D9-42A8-9E2F-50B6B9056764}.Release|Any CPU.ActiveCfg = Release|Any CPU
		{94584A3A-86D9-42A8-9E2F-50B6B9056764}.Release|Any CPU.Build.0 = Release|Any CPU
		{79D67D6C-6785-4BE7-817F-537BE06BBBEB}.Debug|Any CPU.ActiveCfg = Debug|Any CPU
		{79D67D6C-6785-4BE7-817F-537BE06BBBEB}.Debug|Any CPU.Build.0 = Debug|Any CPU
		{79D67D6C-6785-4BE7-817F-537BE06BBBEB}.Release|Any CPU.ActiveCfg = Release|Any CPU
		{79D67D6C-6785-4BE7-817F-537BE06BBBEB}.Release|Any CPU.Build.0 = Release|Any CPU
		{669BA501-21B7-40FE-BD50-E4E46E0F309D}.Debug|Any CPU.ActiveCfg = Debug|Any CPU
		{669BA501-21B7-40FE-BD50-E4E46E0F309D}.Debug|Any CPU.Build.0 = Debug|Any CPU
		{669BA501-21B7-40FE-BD50-E4E46E0F309D}.Release|Any CPU.ActiveCfg = Release|Any CPU
		{669BA501-21B7-40FE-BD50-E4E46E0F309D}.Release|Any CPU.Build.0 = Release|Any CPU
		{039513C4-8CA9-4E3B-9EBA-E6241E1DA187}.Debug|Any CPU.ActiveCfg = Debug|Any CPU
		{039513C4-8CA9-4E3B-9EBA-E6241E1DA187}.Debug|Any CPU.Build.0 = Debug|Any CPU
		{039513C4-8CA9-4E3B-9EBA-E6241E1DA187}.Release|Any CPU.ActiveCfg = Release|Any CPU
		{039513C4-8CA9-4E3B-9EBA-E6241E1DA187}.Release|Any CPU.Build.0 = Release|Any CPU
		{A6A566F0-2A0C-48D6-B0C5-83255367C0F5}.Debug|Any CPU.ActiveCfg = Debug|Any CPU
		{A6A566F0-2A0C-48D6-B0C5-83255367C0F5}.Debug|Any CPU.Build.0 = Debug|Any CPU
		{A6A566F0-2A0C-48D6-B0C5-83255367C0F5}.Release|Any CPU.ActiveCfg = Release|Any CPU
		{A6A566F0-2A0C-48D6-B0C5-83255367C0F5}.Release|Any CPU.Build.0 = Release|Any CPU
		{868644B9-5068-4652-835F-A37270B111B9}.Debug|Any CPU.ActiveCfg = Debug|Any CPU
		{868644B9-5068-4652-835F-A37270B111B9}.Debug|Any CPU.Build.0 = Debug|Any CPU
		{868644B9-5068-4652-835F-A37270B111B9}.Release|Any CPU.ActiveCfg = Release|Any CPU
		{868644B9-5068-4652-835F-A37270B111B9}.Release|Any CPU.Build.0 = Release|Any CPU
		{37D3D091-8362-40E5-A515-E4BA4FC50D0A}.Debug|Any CPU.ActiveCfg = Debug|Any CPU
		{37D3D091-8362-40E5-A515-E4BA4FC50D0A}.Debug|Any CPU.Build.0 = Debug|Any CPU
		{37D3D091-8362-40E5-A515-E4BA4FC50D0A}.Release|Any CPU.ActiveCfg = Release|Any CPU
		{37D3D091-8362-40E5-A515-E4BA4FC50D0A}.Release|Any CPU.Build.0 = Release|Any CPU
		{EBFE11A5-1185-45E7-B92F-6F2C563EB2C3}.Debug|Any CPU.ActiveCfg = Debug|Any CPU
		{EBFE11A5-1185-45E7-B92F-6F2C563EB2C3}.Debug|Any CPU.Build.0 = Debug|Any CPU
		{EBFE11A5-1185-45E7-B92F-6F2C563EB2C3}.Release|Any CPU.ActiveCfg = Release|Any CPU
		{EBFE11A5-1185-45E7-B92F-6F2C563EB2C3}.Release|Any CPU.Build.0 = Release|Any CPU
		{BBDF0498-47CF-4B98-B6CD-34D884BC687C}.Debug|Any CPU.ActiveCfg = Debug|Any CPU
		{BBDF0498-47CF-4B98-B6CD-34D884BC687C}.Debug|Any CPU.Build.0 = Debug|Any CPU
		{BBDF0498-47CF-4B98-B6CD-34D884BC687C}.Release|Any CPU.ActiveCfg = Release|Any CPU
		{BBDF0498-47CF-4B98-B6CD-34D884BC687C}.Release|Any CPU.Build.0 = Release|Any CPU
		{1A993183-D2BB-49DA-BEC0-94E44BDF4E0E}.Debug|Any CPU.ActiveCfg = Debug|Any CPU
		{1A993183-D2BB-49DA-BEC0-94E44BDF4E0E}.Debug|Any CPU.Build.0 = Debug|Any CPU
		{1A993183-D2BB-49DA-BEC0-94E44BDF4E0E}.Release|Any CPU.ActiveCfg = Release|Any CPU
		{1A993183-D2BB-49DA-BEC0-94E44BDF4E0E}.Release|Any CPU.Build.0 = Release|Any CPU
		{9DAB07FE-DC7B-4311-B95B-7AF581D92B1D}.Debug|Any CPU.ActiveCfg = Debug|Any CPU
		{9DAB07FE-DC7B-4311-B95B-7AF581D92B1D}.Debug|Any CPU.Build.0 = Debug|Any CPU
		{9DAB07FE-DC7B-4311-B95B-7AF581D92B1D}.Release|Any CPU.ActiveCfg = Release|Any CPU
		{9DAB07FE-DC7B-4311-B95B-7AF581D92B1D}.Release|Any CPU.Build.0 = Release|Any CPU
		{71A9E9D0-337D-49E4-BFCE-CE71A68FED7A}.Debug|Any CPU.ActiveCfg = Debug|Any CPU
		{71A9E9D0-337D-49E4-BFCE-CE71A68FED7A}.Debug|Any CPU.Build.0 = Debug|Any CPU
		{71A9E9D0-337D-49E4-BFCE-CE71A68FED7A}.Release|Any CPU.ActiveCfg = Release|Any CPU
		{71A9E9D0-337D-49E4-BFCE-CE71A68FED7A}.Release|Any CPU.Build.0 = Release|Any CPU
		{5BFD3598-DCF2-4659-B2FF-3B12962AF8F7}.Debug|Any CPU.ActiveCfg = Debug|Any CPU
		{5BFD3598-DCF2-4659-B2FF-3B12962AF8F7}.Debug|Any CPU.Build.0 = Debug|Any CPU
		{5BFD3598-DCF2-4659-B2FF-3B12962AF8F7}.Release|Any CPU.ActiveCfg = Release|Any CPU
		{5BFD3598-DCF2-4659-B2FF-3B12962AF8F7}.Release|Any CPU.Build.0 = Release|Any CPU
	EndGlobalSection
	GlobalSection(SolutionProperties) = preSolution
		HideSolutionNode = FALSE
	EndGlobalSection
	GlobalSection(NestedProjects) = preSolution
		{A8B5F37F-906C-427A-A3DD-C75F31E4557E} = {9F62AEAF-48FF-4289-8B7A-06DB0F96EF1C}
		{79D67D6C-6785-4BE7-817F-537BE06BBBEB} = {A8B5F37F-906C-427A-A3DD-C75F31E4557E}
		{583B4F43-65B5-45DF-9E42-67FBEBAB98D9} = {9F62AEAF-48FF-4289-8B7A-06DB0F96EF1C}
		{669BA501-21B7-40FE-BD50-E4E46E0F309D} = {583B4F43-65B5-45DF-9E42-67FBEBAB98D9}
		{039513C4-8CA9-4E3B-9EBA-E6241E1DA187} = {583B4F43-65B5-45DF-9E42-67FBEBAB98D9}
		{54B14FC8-ECE9-4342-A3C7-042C0EFDCAEC} = {9F62AEAF-48FF-4289-8B7A-06DB0F96EF1C}
		{A6A566F0-2A0C-48D6-B0C5-83255367C0F5} = {54B14FC8-ECE9-4342-A3C7-042C0EFDCAEC}
		{868644B9-5068-4652-835F-A37270B111B9} = {54B14FC8-ECE9-4342-A3C7-042C0EFDCAEC}
		{037255DF-AF2B-4AB0-B1C7-B3899DA14044} = {191FE4C5-B707-468F-8E13-E2632E309829}
		{BBDF0498-47CF-4B98-B6CD-34D884BC687C} = {037255DF-AF2B-4AB0-B1C7-B3899DA14044}
		{C5EAC8B0-D546-4DEE-BC58-FED4C83CDD92} = {191FE4C5-B707-468F-8E13-E2632E309829}
		{1A993183-D2BB-49DA-BEC0-94E44BDF4E0E} = {C5EAC8B0-D546-4DEE-BC58-FED4C83CDD92}
		{9DAB07FE-DC7B-4311-B95B-7AF581D92B1D} = {C5EAC8B0-D546-4DEE-BC58-FED4C83CDD92}
		{EAE7CAA7-FEE3-44CD-B6A2-B09A2A6AB340} = {191FE4C5-B707-468F-8E13-E2632E309829}
		{71A9E9D0-337D-49E4-BFCE-CE71A68FED7A} = {EAE7CAA7-FEE3-44CD-B6A2-B09A2A6AB340}
		{5BFD3598-DCF2-4659-B2FF-3B12962AF8F7} = {EAE7CAA7-FEE3-44CD-B6A2-B09A2A6AB340}
	EndGlobalSection
	GlobalSection(ExtensibilityGlobals) = postSolution
		SolutionGuid = {4039B5C2-3477-476F-8000-41503BD0C6B9}
	EndGlobalSection
EndGlobal
